
Microsoft Visual Studio Solution File, Format Version 12.00
# Visual Studio 15
VisualStudioVersion = 15.0.27703.2026
MinimumVisualStudioVersion = 10.0.40219.1
Project("{FAE04EC0-301F-11D3-BF4B-00C04F79EFBC}") = "CMM", "CMM\CMM.csproj", "{F6B08FC3-9C9A-4D3B-B353-5D7F705961D1}"
EndProject
Project("{FAE04EC0-301F-11D3-BF4B-00C04F79EFBC}") = "Dao", "Dao\Dao.csproj", "{EBA6F768-978A-4ACD-80FE-88E39F30034D}"
EndProject
Project("{FAE04EC0-301F-11D3-BF4B-00C04F79EFBC}") = "Services", "Services\Services.csproj", "{C9E47EDA-5501-4574-81A1-48E0C3A4F594}"
EndProject
Global
	GlobalSection(SolutionConfigurationPlatforms) = preSolution
		Debug|Any CPU = Debug|Any CPU
		Release|Any CPU = Release|Any CPU
	EndGlobalSection
	GlobalSection(ProjectConfigurationPlatforms) = postSolution
		{F6B08FC3-9C9A-4D3B-B353-5D7F705961D1}.Debug|Any CPU.ActiveCfg = Debug|Any CPU
		{F6B08FC3-9C9A-4D3B-B353-5D7F705961D1}.Debug|Any CPU.Build.0 = Debug|Any CPU
		{F6B08FC3-9C9A-4D3B-B353-5D7F705961D1}.Release|Any CPU.ActiveCfg = Release|Any CPU
		{F6B08FC3-9C9A-4D3B-B353-5D7F705961D1}.Release|Any CPU.Build.0 = Release|Any CPU
		{EBA6F768-978A-4ACD-80FE-88E39F30034D}.Debug|Any CPU.ActiveCfg = Debug|Any CPU
		{EBA6F768-978A-4ACD-80FE-88E39F30034D}.Debug|Any CPU.Build.0 = Debug|Any CPU
		{EBA6F768-978A-4ACD-80FE-88E39F30034D}.Release|Any CPU.ActiveCfg = Release|Any CPU
		{EBA6F768-978A-4ACD-80FE-88E39F30034D}.Release|Any CPU.Build.0 = Release|Any CPU
		{C9E47EDA-5501-4574-81A1-48E0C3A4F594}.Debug|Any CPU.ActiveCfg = Debug|Any CPU
		{C9E47EDA-5501-4574-81A1-48E0C3A4F594}.Debug|Any CPU.Build.0 = Debug|Any CPU
		{C9E47EDA-5501-4574-81A1-48E0C3A4F594}.Release|Any CPU.ActiveCfg = Release|Any CPU
		{C9E47EDA-5501-4574-81A1-48E0C3A4F594}.Release|Any CPU.Build.0 = Release|Any CPU
	EndGlobalSection
	GlobalSection(SolutionProperties) = preSolution
		HideSolutionNode = FALSE
	EndGlobalSection
	GlobalSection(ExtensibilityGlobals) = postSolution
		SolutionGuid = {DA93326F-BA89-406B-A17E-DFE90AEA1FCA}
	EndGlobalSection
EndGlobal
